
Microsoft Visual Studio Solution File, Format Version 12.00
# Visual Studio Version 17
VisualStudioVersion = 17.3.32929.385
MinimumVisualStudioVersion = 10.0.40219.1
Project("{FAE04EC0-301F-11D3-BF4B-00C04F79EFBC}") = "Lab3_02", "Lab3_02.csproj", "{84376A09-075B-4375-A4AC-8B11ADDF5FA9}"
EndProject
Global
	GlobalSection(SolutionConfigurationPlatforms) = preSolution
		Debug|Any CPU = Debug|Any CPU
		Release|Any CPU = Release|Any CPU
	EndGlobalSection
	GlobalSection(ProjectConfigurationPlatforms) = postSolution
		{84376A09-075B-4375-A4AC-8B11ADDF5FA9}.Debug|Any CPU.ActiveCfg = Debug|Any CPU
		{84376A09-075B-4375-A4AC-8B11ADDF5FA9}.Debug|Any CPU.Build.0 = Debug|Any CPU
		{84376A09-075B-4375-A4AC-8B11ADDF5FA9}.Release|Any CPU.ActiveCfg = Release|Any CPU
		{84376A09-075B-4375-A4AC-8B11ADDF5FA9}.Release|Any CPU.Build.0 = Release|Any CPU
	EndGlobalSection
	GlobalSection(SolutionProperties) = preSolution
		HideSolutionNode = FALSE
	EndGlobalSection
	GlobalSection(ExtensibilityGlobals) = postSolution
		SolutionGuid = {284B0276-9B1F-4975-9BA3-0815427CE6BD}
	EndGlobalSection
EndGlobal
